
Microsoft Visual Studio Solution File, Format Version 12.00
# Visual Studio Version 17
VisualStudioVersion = 17.12.35514.174
MinimumVisualStudioVersion = 10.0.40219.1
Project("{2150E333-8FDC-42A3-9474-1A3956D46DE8}") = "Services", "Services", "{F8D35D26-FC0D-4C83-9A41-C454434019EB}"
EndProject
Project("{2150E333-8FDC-42A3-9474-1A3956D46DE8}") = "Catalog", "Catalog", "{55C5D55A-992C-4253-A15B-330840768CAE}"
EndProject
Project("{FAE04EC0-301F-11D3-BF4B-00C04F79EFBC}") = "Catalog.API", "Services\Catalog\Catalog.API\Catalog.API.csproj", "{F27C57A7-6F4E-44FC-A19A-57D965175D17}"
EndProject
Project("{2150E333-8FDC-42A3-9474-1A3956D46DE8}") = "BuildingBlocks", "BuildingBlocks", "{6A71BAB6-70A5-4193-8D9E-326BCF8A93AA}"
EndProject
Project("{FAE04EC0-301F-11D3-BF4B-00C04F79EFBC}") = "BuildingBlocks", "BuildingBlocks\BuildingBlocks\BuildingBlocks.csproj", "{3E5AD89E-4F48-42D3-B6ED-9E9807A9F9AB}"
EndProject
Project("{E53339B2-1760-4266-BCC7-CA923CBCF16C}") = "docker-compose", "docker-compose.dcproj", "{1C494F96-9991-4785-90A5-876113C62C70}"
EndProject
Project("{2150E333-8FDC-42A3-9474-1A3956D46DE8}") = "Basket", "Basket", "{02EA681E-C7D8-13C7-8484-4AC65E1B71E8}"
EndProject
Project("{FAE04EC0-301F-11D3-BF4B-00C04F79EFBC}") = "Basket.API", "Services\Basket\Basket.API\Basket.API.csproj", "{6916869E-6957-45E8-A7F9-FF0B41810D0F}"
EndProject
Global
	GlobalSection(SolutionConfigurationPlatforms) = preSolution
		Debug|Any CPU = Debug|Any CPU
		Release|Any CPU = Release|Any CPU
	EndGlobalSection
	GlobalSection(ProjectConfigurationPlatforms) = postSolution
		{F27C57A7-6F4E-44FC-A19A-57D965175D17}.Debug|Any CPU.ActiveCfg = Debug|Any CPU
		{F27C57A7-6F4E-44FC-A19A-57D965175D17}.Debug|Any CPU.Build.0 = Debug|Any CPU
		{F27C57A7-6F4E-44FC-A19A-57D965175D17}.Release|Any CPU.ActiveCfg = Release|Any CPU
		{F27C57A7-6F4E-44FC-A19A-57D965175D17}.Release|Any CPU.Build.0 = Release|Any CPU
		{3E5AD89E-4F48-42D3-B6ED-9E9807A9F9AB}.Debug|Any CPU.ActiveCfg = Debug|Any CPU
		{3E5AD89E-4F48-42D3-B6ED-9E9807A9F9AB}.Debug|Any CPU.Build.0 = Debug|Any CPU
		{3E5AD89E-4F48-42D3-B6ED-9E9807A9F9AB}.Release|Any CPU.ActiveCfg = Release|Any CPU
		{3E5AD89E-4F48-42D3-B6ED-9E9807A9F9AB}.Release|Any CPU.Build.0 = Release|Any CPU
		{1C494F96-9991-4785-90A5-876113C62C70}.Debug|Any CPU.ActiveCfg = Debug|Any CPU
		{1C494F96-9991-4785-90A5-876113C62C70}.Debug|Any CPU.Build.0 = Debug|Any CPU
		{1C494F96-9991-4785-90A5-876113C62C70}.Release|Any CPU.ActiveCfg = Release|Any CPU
		{1C494F96-9991-4785-90A5-876113C62C70}.Release|Any CPU.Build.0 = Release|Any CPU
		{6916869E-6957-45E8-A7F9-FF0B41810D0F}.Debug|Any CPU.ActiveCfg = Debug|Any CPU
		{6916869E-6957-45E8-A7F9-FF0B41810D0F}.Debug|Any CPU.Build.0 = Debug|Any CPU
		{6916869E-6957-45E8-A7F9-FF0B41810D0F}.Release|Any CPU.ActiveCfg = Release|Any CPU
		{6916869E-6957-45E8-A7F9-FF0B41810D0F}.Release|Any CPU.Build.0 = Release|Any CPU
	EndGlobalSection
	GlobalSection(SolutionProperties) = preSolution
		HideSolutionNode = FALSE
	EndGlobalSection
	GlobalSection(NestedProjects) = preSolution
		{55C5D55A-992C-4253-A15B-330840768CAE} = {F8D35D26-FC0D-4C83-9A41-C454434019EB}
		{F27C57A7-6F4E-44FC-A19A-57D965175D17} = {55C5D55A-992C-4253-A15B-330840768CAE}
		{3E5AD89E-4F48-42D3-B6ED-9E9807A9F9AB} = {6A71BAB6-70A5-4193-8D9E-326BCF8A93AA}
		{02EA681E-C7D8-13C7-8484-4AC65E1B71E8} = {F8D35D26-FC0D-4C83-9A41-C454434019EB}
		{6916869E-6957-45E8-A7F9-FF0B41810D0F} = {02EA681E-C7D8-13C7-8484-4AC65E1B71E8}
	EndGlobalSection
EndGlobal
